
Microsoft Visual Studio Solution File, Format Version 11.00
# Visual Studio Version 17

Project("{8BC9CEB8-8B4A-11D0-8D11-00A0C91BC942}") = "calculator - App", "calculator_App.vcxproj", "{ADC40F59-133D-E116-F4CC-5F4C72735409}"
EndProject
Global
	GlobalSection(SolutionConfigurationPlatforms) = preSolution
		Debug|x64 = Debug|x64
		Release|x64 = Release|x64
	EndGlobalSection
	GlobalSection(ProjectConfigurationPlatforms) = postSolution
		{ADC40F59-133D-E116-F4CC-5F4C72735409}.Debug|x64.ActiveCfg = Debug|x64
		{ADC40F59-133D-E116-F4CC-5F4C72735409}.Debug|x64.Build.0 = Debug|x64
		{ADC40F59-133D-E116-F4CC-5F4C72735409}.Release|x64.ActiveCfg = Release|x64
		{ADC40F59-133D-E116-F4CC-5F4C72735409}.Release|x64.Build.0 = Release|x64
	EndGlobalSection
	GlobalSection(SolutionProperties) = preSolution
		HideSolutionNode = FALSE
	EndGlobalSection
EndGlobal
